
Microsoft Visual Studio Solution File, Format Version 12.00
# Visual Studio 15
VisualStudioVersion = 15.0.26730.16
MinimumVisualStudioVersion = 10.0.40219.1
Project("{FAE04EC0-301F-11D3-BF4B-00C04F79EFBC}") = "UDPReceiver", "UDPReceiver\UDPReceiver.csproj", "{2E7170AC-1F84-4248-8178-095DABF5DF0E}"
EndProject
Project("{FAE04EC0-301F-11D3-BF4B-00C04F79EFBC}") = "UDPSender", "UDPSender\UDPSender.csproj", "{98E6EB07-B3A6-4F27-921B-CABFD1D91E2F}"
EndProject
Project("{FAE04EC0-301F-11D3-BF4B-00C04F79EFBC}") = "modelLibrary", "modelLibrary\modelLibrary.csproj", "{95A35EED-CF23-41F3-BF26-C0ADF8DF61CF}"
EndProject
Project("{FAE04EC0-301F-11D3-BF4B-00C04F79EFBC}") = "JsonSender", "JsonSender\JsonSender.csproj", "{BCBA2F39-DC0D-425E-8932-0BD127575EB3}"
EndProject
Project("{FAE04EC0-301F-11D3-BF4B-00C04F79EFBC}") = "JsonReceiver", "JsonReceiver\JsonReceiver.csproj", "{21B2F040-2A26-4158-BE13-1BFD0A7B8DE8}"
EndProject
Global
	GlobalSection(SolutionConfigurationPlatforms) = preSolution
		Debug|Any CPU = Debug|Any CPU
		Release|Any CPU = Release|Any CPU
	EndGlobalSection
	GlobalSection(ProjectConfigurationPlatforms) = postSolution
		{2E7170AC-1F84-4248-8178-095DABF5DF0E}.Debug|Any CPU.ActiveCfg = Debug|Any CPU
		{2E7170AC-1F84-4248-8178-095DABF5DF0E}.Debug|Any CPU.Build.0 = Debug|Any CPU
		{2E7170AC-1F84-4248-8178-095DABF5DF0E}.Release|Any CPU.ActiveCfg = Release|Any CPU
		{2E7170AC-1F84-4248-8178-095DABF5DF0E}.Release|Any CPU.Build.0 = Release|Any CPU
		{98E6EB07-B3A6-4F27-921B-CABFD1D91E2F}.Debug|Any CPU.ActiveCfg = Debug|Any CPU
		{98E6EB07-B3A6-4F27-921B-CABFD1D91E2F}.Debug|Any CPU.Build.0 = Debug|Any CPU
		{98E6EB07-B3A6-4F27-921B-CABFD1D91E2F}.Release|Any CPU.ActiveCfg = Release|Any CPU
		{98E6EB07-B3A6-4F27-921B-CABFD1D91E2F}.Release|Any CPU.Build.0 = Release|Any CPU
		{95A35EED-CF23-41F3-BF26-C0ADF8DF61CF}.Debug|Any CPU.ActiveCfg = Debug|Any CPU
		{95A35EED-CF23-41F3-BF26-C0ADF8DF61CF}.Debug|Any CPU.Build.0 = Debug|Any CPU
		{95A35EED-CF23-41F3-BF26-C0ADF8DF61CF}.Release|Any CPU.ActiveCfg = Release|Any CPU
		{95A35EED-CF23-41F3-BF26-C0ADF8DF61CF}.Release|Any CPU.Build.0 = Release|Any CPU
		{BCBA2F39-DC0D-425E-8932-0BD127575EB3}.Debug|Any CPU.ActiveCfg = Debug|Any CPU
		{BCBA2F39-DC0D-425E-8932-0BD127575EB3}.Debug|Any CPU.Build.0 = Debug|Any CPU
		{BCBA2F39-DC0D-425E-8932-0BD127575EB3}.Release|Any CPU.ActiveCfg = Release|Any CPU
		{BCBA2F39-DC0D-425E-8932-0BD127575EB3}.Release|Any CPU.Build.0 = Release|Any CPU
		{21B2F040-2A26-4158-BE13-1BFD0A7B8DE8}.Debug|Any CPU.ActiveCfg = Debug|Any CPU
		{21B2F040-2A26-4158-BE13-1BFD0A7B8DE8}.Debug|Any CPU.Build.0 = Debug|Any CPU
		{21B2F040-2A26-4158-BE13-1BFD0A7B8DE8}.Release|Any CPU.ActiveCfg = Release|Any CPU
		{21B2F040-2A26-4158-BE13-1BFD0A7B8DE8}.Release|Any CPU.Build.0 = Release|Any CPU
	EndGlobalSection
	GlobalSection(SolutionProperties) = preSolution
		HideSolutionNode = FALSE
	EndGlobalSection
	GlobalSection(ExtensibilityGlobals) = postSolution
		SolutionGuid = {0D57F10E-DDE1-4C03-9233-C338B21C91F3}
	EndGlobalSection
EndGlobal
